
Microsoft Visual Studio Solution File, Format Version 12.00
# Visual Studio Version 17
VisualStudioVersion = 17.14.36310.24 d17.14
MinimumVisualStudioVersion = 10.0.40219.1
Project("{FAE04EC0-301F-11D3-BF4B-00C04F79EFBC}") = "P01_StudentSystem", "P01_StudentSystem\P01_StudentSystem.csproj", "{87907E9B-CFA2-4841-B1BA-7B5B8077E0C0}"
EndProject
Global
	GlobalSection(SolutionConfigurationPlatforms) = preSolution
		Debug|Any CPU = Debug|Any CPU
		Release|Any CPU = Release|Any CPU
	EndGlobalSection
	GlobalSection(ProjectConfigurationPlatforms) = postSolution
		{87907E9B-CFA2-4841-B1BA-7B5B8077E0C0}.Debug|Any CPU.ActiveCfg = Debug|Any CPU
		{87907E9B-CFA2-4841-B1BA-7B5B8077E0C0}.Debug|Any CPU.Build.0 = Debug|Any CPU
		{87907E9B-CFA2-4841-B1BA-7B5B8077E0C0}.Release|Any CPU.ActiveCfg = Release|Any CPU
		{87907E9B-CFA2-4841-B1BA-7B5B8077E0C0}.Release|Any CPU.Build.0 = Release|Any CPU
	EndGlobalSection
	GlobalSection(SolutionProperties) = preSolution
		HideSolutionNode = FALSE
	EndGlobalSection
	GlobalSection(ExtensibilityGlobals) = postSolution
		SolutionGuid = {F97F7592-221E-4C6B-BB5B-EE0272E3EE05}
	EndGlobalSection
EndGlobal
